# This file is automatically @generated by Cargo.
# It is not intended for manual editing.
version = 3

[[package]]
name = "anyhow"
version = "1.0.66"
source = "registry+https://github.com/rust-lang/crates.io-index"
checksum = "216261ddc8289130e551ddcd5ce8a064710c0d064a4d2895c67151c92b5443f6"

[[package]]
name = "bitvec"
version = "1.0.1"
source = "registry+https://github.com/rust-lang/crates.io-index"
checksum = "1bc2832c24239b0141d5674bb9174f9d68a8b5b3f2753311927c172ca46f7e9c"
dependencies = [
 "funty",
 "radium",
 "tap",
 "wyz",
]

[[package]]
name = "day_1"
version = "0.1.0"
dependencies = [
 "solve",
]

[[package]]
name = "day_10"
version = "0.1.0"
dependencies = [
 "anyhow",
 "solve",
]

[[package]]
name = "day_11"
version = "0.1.0"
dependencies = [
 "anyhow",
 "solve",
]

[[package]]
name = "day_12"
version = "0.1.0"
dependencies = [
 "anyhow",
 "solve",
]

[[package]]
name = "day_13"
version = "0.1.0"
dependencies = [
 "anyhow",
 "solve",
]

[[package]]
name = "day_14"
version = "0.1.0"
dependencies = [
 "anyhow",
 "solve",
]

[[package]]
name = "day_15"
version = "0.1.0"
dependencies = [
 "anyhow",
 "solve",
]

[[package]]
name = "day_16"
version = "0.1.0"
dependencies = [
 "anyhow",
 "bitvec",
 "solve",
]

[[package]]
name = "day_17"
version = "0.1.0"
dependencies = [
 "anyhow",
 "solve",
]

[[package]]
name = "day_18"
version = "0.1.0"
dependencies = [
 "anyhow",
 "solve",
]

[[package]]
name = "day_19"
version = "0.1.0"
dependencies = [
 "anyhow",
 "solve",
]

[[package]]
name = "day_2"
version = "0.1.0"
dependencies = [
 "anyhow",
 "solve",
]

[[package]]
name = "day_20"
version = "0.1.0"
dependencies = [
 "anyhow",
 "solve",
]

[[package]]
name = "day_21"
version = "0.1.0"
dependencies = [
 "anyhow",
 "solve",
]

[[package]]
name = "day_22"
version = "0.1.0"
dependencies = [
 "anyhow",
 "solve",
]

[[package]]
name = "day_3"
version = "0.1.0"
dependencies = [
 "solve",
]

[[package]]
name = "day_4"
version = "0.1.0"
dependencies = [
 "anyhow",
 "solve",
]

[[package]]
name = "day_5"
version = "0.1.0"
dependencies = [
 "anyhow",
 "solve",
]

[[package]]
name = "day_6"
version = "0.1.0"
dependencies = [
 "anyhow",
 "solve",
]

[[package]]
name = "day_7"
version = "0.1.0"
dependencies = [
 "anyhow",
 "solve",
]

[[package]]
name = "day_8"
version = "0.1.0"
dependencies = [
 "anyhow",
 "solve",
]

[[package]]
name = "day_9"
version = "0.1.0"
dependencies = [
 "anyhow",
 "solve",
]

[[package]]
name = "funty"
version = "2.0.0"
source = "registry+https://github.com/rust-lang/crates.io-index"
checksum = "e6d5a32815ae3f33302d95fdcb2ce17862f8c65363dcfd29360480ba1001fc9c"

[[package]]
name = "radium"
version = "0.7.0"
source = "registry+https://github.com/rust-lang/crates.io-index"
checksum = "dc33ff2d4973d518d823d61aa239014831e521c75da58e3df4840d3f47749d09"

[[package]]
name = "solve"
version = "0.1.0"
dependencies = [
 "anyhow",
]

[[package]]
name = "tap"
version = "1.0.1"
source = "registry+https://github.com/rust-lang/crates.io-index"
checksum = "55937e1799185b12863d447f42597ed69d9928686b8d88a1df17376a097d8369"

[[package]]
name = "wyz"
version = "0.5.1"
source = "registry+https://github.com/rust-lang/crates.io-index"
checksum = "05f360fc0b24296329c78fda852a1e9ae82de9cf7b27dae4b7f62f118f77b9ed"
dependencies = [
 "tap",
]
